
Microsoft Visual Studio Solution File, Format Version 12.00
# Visual Studio Version 16
VisualStudioVersion = 16.0.31624.102
MinimumVisualStudioVersion = 10.0.40219.1
Project("{FAE04EC0-301F-11D3-BF4B-00C04F79EFBC}") = "2022-02-07WinForms.gyak", "2022-02-07WinForms.gyak\2022-02-07WinForms.gyak.csproj", "{4B9E0B4F-457E-45E1-8012-FCE27862FDF8}"
EndProject
Global
	GlobalSection(SolutionConfigurationPlatforms) = preSolution
		Debug|Any CPU = Debug|Any CPU
		Release|Any CPU = Release|Any CPU
	EndGlobalSection
	GlobalSection(ProjectConfigurationPlatforms) = postSolution
		{4B9E0B4F-457E-45E1-8012-FCE27862FDF8}.Debug|Any CPU.ActiveCfg = Debug|Any CPU
		{4B9E0B4F-457E-45E1-8012-FCE27862FDF8}.Debug|Any CPU.Build.0 = Debug|Any CPU
		{4B9E0B4F-457E-45E1-8012-FCE27862FDF8}.Release|Any CPU.ActiveCfg = Release|Any CPU
		{4B9E0B4F-457E-45E1-8012-FCE27862FDF8}.Release|Any CPU.Build.0 = Release|Any CPU
	EndGlobalSection
	GlobalSection(SolutionProperties) = preSolution
		HideSolutionNode = FALSE
	EndGlobalSection
	GlobalSection(ExtensibilityGlobals) = postSolution
		SolutionGuid = {9F3F72A4-A688-48AF-B2ED-D078B77EBB73}
	EndGlobalSection
EndGlobal
